
Microsoft Visual Studio Solution File, Format Version 12.00
Project("{FAE04EC0-301F-11D3-BF4B-00C04F79EFBC}") = "BUser.Api", "BUser.Api\BUser.Api.csproj", "{5BB0C7F5-6FDF-4E9C-B214-332A042CD797}"
EndProject
Project("{FAE04EC0-301F-11D3-BF4B-00C04F79EFBC}") = "BUser.Domain", "BUser.Domain\BUser.Domain.csproj", "{E4DFB238-9D6F-4D71-A253-CF01B5456946}"
EndProject
Project("{FAE04EC0-301F-11D3-BF4B-00C04F79EFBC}") = "BUser.Infrastructure", "BUser.Infrastructure\BUser.Infrastructure.csproj", "{8FADFBF8-8F3E-474C-BD79-106615AE4F40}"
EndProject
Project("{FAE04EC0-301F-11D3-BF4B-00C04F79EFBC}") = "BUser.Application", "BUser.Application\BUser.Application.csproj", "{1A167977-5EA2-4022-9A78-3E6F17DA38B7}"
EndProject
Global
	GlobalSection(SolutionConfigurationPlatforms) = preSolution
		Debug|Any CPU = Debug|Any CPU
		Release|Any CPU = Release|Any CPU
	EndGlobalSection
	GlobalSection(ProjectConfigurationPlatforms) = postSolution
		{5BB0C7F5-6FDF-4E9C-B214-332A042CD797}.Debug|Any CPU.ActiveCfg = Debug|Any CPU
		{5BB0C7F5-6FDF-4E9C-B214-332A042CD797}.Debug|Any CPU.Build.0 = Debug|Any CPU
		{5BB0C7F5-6FDF-4E9C-B214-332A042CD797}.Release|Any CPU.ActiveCfg = Release|Any CPU
		{5BB0C7F5-6FDF-4E9C-B214-332A042CD797}.Release|Any CPU.Build.0 = Release|Any CPU
		{E4DFB238-9D6F-4D71-A253-CF01B5456946}.Debug|Any CPU.ActiveCfg = Debug|Any CPU
		{E4DFB238-9D6F-4D71-A253-CF01B5456946}.Debug|Any CPU.Build.0 = Debug|Any CPU
		{E4DFB238-9D6F-4D71-A253-CF01B5456946}.Release|Any CPU.ActiveCfg = Release|Any CPU
		{E4DFB238-9D6F-4D71-A253-CF01B5456946}.Release|Any CPU.Build.0 = Release|Any CPU
		{8FADFBF8-8F3E-474C-BD79-106615AE4F40}.Debug|Any CPU.ActiveCfg = Debug|Any CPU
		{8FADFBF8-8F3E-474C-BD79-106615AE4F40}.Debug|Any CPU.Build.0 = Debug|Any CPU
		{8FADFBF8-8F3E-474C-BD79-106615AE4F40}.Release|Any CPU.ActiveCfg = Release|Any CPU
		{8FADFBF8-8F3E-474C-BD79-106615AE4F40}.Release|Any CPU.Build.0 = Release|Any CPU
		{1A167977-5EA2-4022-9A78-3E6F17DA38B7}.Debug|Any CPU.ActiveCfg = Debug|Any CPU
		{1A167977-5EA2-4022-9A78-3E6F17DA38B7}.Debug|Any CPU.Build.0 = Debug|Any CPU
		{1A167977-5EA2-4022-9A78-3E6F17DA38B7}.Release|Any CPU.ActiveCfg = Release|Any CPU
		{1A167977-5EA2-4022-9A78-3E6F17DA38B7}.Release|Any CPU.Build.0 = Release|Any CPU
	EndGlobalSection
EndGlobal
